
Microsoft Visual Studio Solution File, Format Version 12.00
# Visual Studio Version 17
VisualStudioVersion = 17.6.33712.159
MinimumVisualStudioVersion = 10.0.40219.1
Project("{FAE04EC0-301F-11D3-BF4B-00C04F79EFBC}") = "Assignment13", "Assignment13.csproj", "{F3EE9F82-B82A-47C3-92DB-2F4A24ED25A1}"
EndProject
Global
	GlobalSection(SolutionConfigurationPlatforms) = preSolution
		Debug|Any CPU = Debug|Any CPU
		Release|Any CPU = Release|Any CPU
	EndGlobalSection
	GlobalSection(ProjectConfigurationPlatforms) = postSolution
		{F3EE9F82-B82A-47C3-92DB-2F4A24ED25A1}.Debug|Any CPU.ActiveCfg = Debug|Any CPU
		{F3EE9F82-B82A-47C3-92DB-2F4A24ED25A1}.Debug|Any CPU.Build.0 = Debug|Any CPU
		{F3EE9F82-B82A-47C3-92DB-2F4A24ED25A1}.Release|Any CPU.ActiveCfg = Release|Any CPU
		{F3EE9F82-B82A-47C3-92DB-2F4A24ED25A1}.Release|Any CPU.Build.0 = Release|Any CPU
	EndGlobalSection
	GlobalSection(SolutionProperties) = preSolution
		HideSolutionNode = FALSE
	EndGlobalSection
	GlobalSection(ExtensibilityGlobals) = postSolution
		SolutionGuid = {E44BF27C-230B-44C2-AC36-ED6B401FDABF}
	EndGlobalSection
EndGlobal
